// !$*UTF8*$!
{
	archiveVersion = 1;
	classes = {
	};
	objectVersion = 46;
	objects = {

/* Begin PBXBuildFile section */
		3FB8FAD81DD0001E0038C5D5 /* AppDelegate.swift in Sources */ = {isa = PBXBuildFile; fileRef = 3FB8FAD71DD0001E0038C5D5 /* AppDelegate.swift */; };
		3FB8FADA1DD0001E0038C5D5 /* GameScene.sks in Resources */ = {isa = PBXBuildFile; fileRef = 3FB8FAD91DD0001E0038C5D5 /* GameScene.sks */; };
		3FB8FADC1DD0001E0038C5D5 /* Actions.sks in Resources */ = {isa = PBXBuildFile; fileRef = 3FB8FADB1DD0001E0038C5D5 /* Actions.sks */; };
		3FB8FADE1DD0001E0038C5D5 /* GameScene.swift in Sources */ = {isa = PBXBuildFile; fileRef = 3FB8FADD1DD0001E0038C5D5 /* GameScene.swift */; };
		3FB8FAE01DD0001E0038C5D5 /* GameViewController.swift in Sources */ = {isa = PBXBuildFile; fileRef = 3FB8FADF1DD0001E0038C5D5 /* GameViewController.swift */; };
		3FB8FAE31DD0001E0038C5D5 /* Main.storyboard in Resources */ = {isa = PBXBuildFile; fileRef = 3FB8FAE11DD0001E0038C5D5 /* Main.storyboard */; };
		3FB8FAE51DD0001F0038C5D5 /* Assets.xcassets in Resources */ = {isa = PBXBuildFile; fileRef = 3FB8FAE41DD0001F0038C5D5 /* Assets.xcassets */; };
		3FB8FAE81DD0001F0038C5D5 /* LaunchScreen.storyboard in Resources */ = {isa = PBXBuildFile; fileRef = 3FB8FAE61DD0001F0038C5D5 /* LaunchScreen.storyboard */; };
		3FB8FAF31DD004550038C5D5 /* Level1.sks in Resources */ = {isa = PBXBuildFile; fileRef = 3FB8FAF21DD004550038C5D5 /* Level1.sks */; };
		3FB8FAF51DD00C620038C5D5 /* SceneManager.swift in Sources */ = {isa = PBXBuildFile; fileRef = 3FB8FAF41DD00C620038C5D5 /* SceneManager.swift */; };
		3FB8FAF71DD00D150038C5D5 /* LevelResults.swift in Sources */ = {isa = PBXBuildFile; fileRef = 3FB8FAF61DD00D150038C5D5 /* LevelResults.swift */; };
		3FB8FAFC1DD0117F0038C5D5 /* MotionMonitor.swift in Sources */ = {isa = PBXBuildFile; fileRef = 3FB8FAFB1DD0117F0038C5D5 /* MotionMonitor.swift */; };
		3FB8FB001DD021730038C5D5 /* HomeScene.swift in Sources */ = {isa = PBXBuildFile; fileRef = 3FB8FAFF1DD021730038C5D5 /* HomeScene.swift */; };
		3FB8FB021DD024940038C5D5 /* HomeScene.sks in Resources */ = {isa = PBXBuildFile; fileRef = 3FB8FB011DD024940038C5D5 /* HomeScene.sks */; };
		3FB8FB041DD025330038C5D5 /* LevelFinishScene.sks in Resources */ = {isa = PBXBuildFile; fileRef = 3FB8FB031DD025330038C5D5 /* LevelFinishScene.sks */; };
		3FB8FB061DD0254D0038C5D5 /* GameOverScene.sks in Resources */ = {isa = PBXBuildFile; fileRef = 3FB8FB051DD0254D0038C5D5 /* GameOverScene.sks */; };
		3FB8FB081DD025730038C5D5 /* LevelFinishScene.swift in Sources */ = {isa = PBXBuildFile; fileRef = 3FB8FB071DD025730038C5D5 /* LevelFinishScene.swift */; };
		3FB8FB0A1DD025810038C5D5 /* GameOverScene.swift in Sources */ = {isa = PBXBuildFile; fileRef = 3FB8FB091DD025810038C5D5 /* GameOverScene.swift */; };
		635825391DDCE44D00FC689D /* Dirt.sks in Resources */ = {isa = PBXBuildFile; fileRef = 635825371DDCE44D00FC689D /* Dirt.sks */; };
		6358253A1DDCE44D00FC689D /* spark.png in Resources */ = {isa = PBXBuildFile; fileRef = 635825381DDCE44D00FC689D /* spark.png */; };
		636E067E1DDC365900D44E23 /* CoinNode.sks in Resources */ = {isa = PBXBuildFile; fileRef = 636E067D1DDC365900D44E23 /* CoinNode.sks */; };
		636F69E41DD9123100761F79 /* Nickname.otf in Resources */ = {isa = PBXBuildFile; fileRef = 636F69E11DD9123100761F79 /* Nickname.otf */; };
		636F69E51DD9123100761F79 /* MotionControl-Bold.otf in Resources */ = {isa = PBXBuildFile; fileRef = 636F69E21DD9123100761F79 /* MotionControl-Bold.otf */; };
		636F69E61DD9123100761F79 /* MotionControl-BoldItalic.otf in Resources */ = {isa = PBXBuildFile; fileRef = 636F69E31DD9123100761F79 /* MotionControl-BoldItalic.otf */; };
		636F69E81DD91D7A00761F79 /* Level3.sks in Resources */ = {isa = PBXBuildFile; fileRef = 636F69E71DD91D7A00761F79 /* Level3.sks */; };
		636F69EA1DD91D8800761F79 /* Level2.sks in Resources */ = {isa = PBXBuildFile; fileRef = 636F69E91DD91D8800761F79 /* Level2.sks */; };
		63B82E751DD909E00075B77B /* GameData.swift in Sources */ = {isa = PBXBuildFile; fileRef = 63B82E741DD909E00075B77B /* GameData.swift */; };
		FA9AB5DE1DD0E0A9006CEBAC /* Button.swift in Sources */ = {isa = PBXBuildFile; fileRef = FA9AB5DD1DD0E0A9006CEBAC /* Button.swift */; };
		FAA0D8011DD41D34009EEDE8 /* Car.swift in Sources */ = {isa = PBXBuildFile; fileRef = FAA0D8001DD41D34009EEDE8 /* Car.swift */; };
		FAA0D8051DDA2596009EEDE8 /* CoinNode.swift in Sources */ = {isa = PBXBuildFile; fileRef = FAA0D8041DDA2596009EEDE8 /* CoinNode.swift */; };
		FAA0D8101DDD6CCE009EEDE8 /* repeater.mp3 in Resources */ = {isa = PBXBuildFile; fileRef = FAA0D80F1DDD6CCE009EEDE8 /* repeater.mp3 */; };
		FAA0D8141DE1DCAC009EEDE8 /* PickupEmitter.sks in Resources */ = {isa = PBXBuildFile; fileRef = FAA0D8131DE1DCAC009EEDE8 /* PickupEmitter.sks */; };
		FAA0D8161DE1E1E2009EEDE8 /* coin-drop.wav in Resources */ = {isa = PBXBuildFile; fileRef = FAA0D8151DE1E1E2009EEDE8 /* coin-drop.wav */; };
		FACB77FD1DD01D9A00DFCD77 /* CGFloat+Extensions.swift in Sources */ = {isa = PBXBuildFile; fileRef = FACB77FA1DD01D9A00DFCD77 /* CGFloat+Extensions.swift */; };
		FACB77FE1DD01D9A00DFCD77 /* CGVector+Extensions.swift in Sources */ = {isa = PBXBuildFile; fileRef = FACB77FB1DD01D9A00DFCD77 /* CGVector+Extensions.swift */; };
		FACB77FF1DD01D9A00DFCD77 /* CGPoint+Extensions.swift in Sources */ = {isa = PBXBuildFile; fileRef = FACB77FC1DD01D9A00DFCD77 /* CGPoint+Extensions.swift */; };
/* End PBXBuildFile section */

/* Begin PBXFileReference section */
		3FB8FAD41DD0001E0038C5D5 /* iTrials.app */ = {isa = PBXFileReference; explicitFileType = wrapper.application; includeInIndex = 0; path = iTrials.app; sourceTree = BUILT_PRODUCTS_DIR; };
		3FB8FAD71DD0001E0038C5D5 /* AppDelegate.swift */ = {isa = PBXFileReference; lastKnownFileType = sourcecode.swift; path = AppDelegate.swift; sourceTree = "<group>"; };
		3FB8FAD91DD0001E0038C5D5 /* GameScene.sks */ = {isa = PBXFileReference; lastKnownFileType = file.sks; path = GameScene.sks; sourceTree = "<group>"; };
		3FB8FADB1DD0001E0038C5D5 /* Actions.sks */ = {isa = PBXFileReference; lastKnownFileType = file.sks; path = Actions.sks; sourceTree = "<group>"; };
		3FB8FADD1DD0001E0038C5D5 /* GameScene.swift */ = {isa = PBXFileReference; lastKnownFileType = sourcecode.swift; path = GameScene.swift; sourceTree = "<group>"; };
		3FB8FADF1DD0001E0038C5D5 /* GameViewController.swift */ = {isa = PBXFileReference; lastKnownFileType = sourcecode.swift; path = GameViewController.swift; sourceTree = "<group>"; };
		3FB8FAE21DD0001E0038C5D5 /* Base */ = {isa = PBXFileReference; lastKnownFileType = file.storyboard; name = Base; path = Base.lproj/Main.storyboard; sourceTree = "<group>"; };
		3FB8FAE41DD0001F0038C5D5 /* Assets.xcassets */ = {isa = PBXFileReference; lastKnownFileType = folder.assetcatalog; path = Assets.xcassets; sourceTree = "<group>"; };
		3FB8FAE71DD0001F0038C5D5 /* Base */ = {isa = PBXFileReference; lastKnownFileType = file.storyboard; name = Base; path = Base.lproj/LaunchScreen.storyboard; sourceTree = "<group>"; };
		3FB8FAE91DD0001F0038C5D5 /* Info.plist */ = {isa = PBXFileReference; lastKnownFileType = text.plist.xml; path = Info.plist; sourceTree = "<group>"; };
		3FB8FAF21DD004550038C5D5 /* Level1.sks */ = {isa = PBXFileReference; lastKnownFileType = file.sks; path = Level1.sks; sourceTree = "<group>"; };
		3FB8FAF41DD00C620038C5D5 /* SceneManager.swift */ = {isa = PBXFileReference; fileEncoding = 4; lastKnownFileType = sourcecode.swift; path = SceneManager.swift; sourceTree = "<group>"; };
		3FB8FAF61DD00D150038C5D5 /* LevelResults.swift */ = {isa = PBXFileReference; fileEncoding = 4; lastKnownFileType = sourcecode.swift; path = LevelResults.swift; sourceTree = "<group>"; };
		3FB8FAFB1DD0117F0038C5D5 /* MotionMonitor.swift */ = {isa = PBXFileReference; fileEncoding = 4; lastKnownFileType = sourcecode.swift; path = MotionMonitor.swift; sourceTree = "<group>"; };
		3FB8FAFF1DD021730038C5D5 /* HomeScene.swift */ = {isa = PBXFileReference; fileEncoding = 4; lastKnownFileType = sourcecode.swift; path = HomeScene.swift; sourceTree = "<group>"; };
		3FB8FB011DD024940038C5D5 /* HomeScene.sks */ = {isa = PBXFileReference; lastKnownFileType = file.sks; path = HomeScene.sks; sourceTree = "<group>"; };
		3FB8FB031DD025330038C5D5 /* LevelFinishScene.sks */ = {isa = PBXFileReference; lastKnownFileType = file.sks; path = LevelFinishScene.sks; sourceTree = "<group>"; };
		3FB8FB051DD0254D0038C5D5 /* GameOverScene.sks */ = {isa = PBXFileReference; lastKnownFileType = file.sks; path = GameOverScene.sks; sourceTree = "<group>"; };
		3FB8FB071DD025730038C5D5 /* LevelFinishScene.swift */ = {isa = PBXFileReference; fileEncoding = 4; lastKnownFileType = sourcecode.swift; path = LevelFinishScene.swift; sourceTree = "<group>"; };
		3FB8FB091DD025810038C5D5 /* GameOverScene.swift */ = {isa = PBXFileReference; fileEncoding = 4; lastKnownFileType = sourcecode.swift; path = GameOverScene.swift; sourceTree = "<group>"; };
		635825371DDCE44D00FC689D /* Dirt.sks */ = {isa = PBXFileReference; lastKnownFileType = file.sks; path = Dirt.sks; sourceTree = "<group>"; };
		635825381DDCE44D00FC689D /* spark.png */ = {isa = PBXFileReference; lastKnownFileType = image.png; path = spark.png; sourceTree = "<group>"; };
		636E067D1DDC365900D44E23 /* CoinNode.sks */ = {isa = PBXFileReference; lastKnownFileType = file.sks; path = CoinNode.sks; sourceTree = "<group>"; };
		636F69E11DD9123100761F79 /* Nickname.otf */ = {isa = PBXFileReference; lastKnownFileType = file; path = Nickname.otf; sourceTree = "<group>"; };
		636F69E21DD9123100761F79 /* MotionControl-Bold.otf */ = {isa = PBXFileReference; lastKnownFileType = file; path = "MotionControl-Bold.otf"; sourceTree = "<group>"; };
		636F69E31DD9123100761F79 /* MotionControl-BoldItalic.otf */ = {isa = PBXFileReference; lastKnownFileType = file; path = "MotionControl-BoldItalic.otf"; sourceTree = "<group>"; };
		636F69E71DD91D7A00761F79 /* Level3.sks */ = {isa = PBXFileReference; lastKnownFileType = file.sks; path = Level3.sks; sourceTree = "<group>"; };
		636F69E91DD91D8800761F79 /* Level2.sks */ = {isa = PBXFileReference; lastKnownFileType = file.sks; path = Level2.sks; sourceTree = "<group>"; };
		63B82E741DD909E00075B77B /* GameData.swift */ = {isa = PBXFileReference; fileEncoding = 4; lastKnownFileType = sourcecode.swift; path = GameData.swift; sourceTree = "<group>"; };
		FA9AB5DD1DD0E0A9006CEBAC /* Button.swift */ = {isa = PBXFileReference; fileEncoding = 4; lastKnownFileType = sourcecode.swift; path = Button.swift; sourceTree = "<group>"; };
		FAA0D8001DD41D34009EEDE8 /* Car.swift */ = {isa = PBXFileReference; fileEncoding = 4; lastKnownFileType = sourcecode.swift; path = Car.swift; sourceTree = "<group>"; };
		FAA0D8041DDA2596009EEDE8 /* CoinNode.swift */ = {isa = PBXFileReference; fileEncoding = 4; lastKnownFileType = sourcecode.swift; path = CoinNode.swift; sourceTree = "<group>"; };
		FAA0D80F1DDD6CCE009EEDE8 /* repeater.mp3 */ = {isa = PBXFileReference; lastKnownFileType = audio.mp3; path = repeater.mp3; sourceTree = "<group>"; };
		FAA0D8131DE1DCAC009EEDE8 /* PickupEmitter.sks */ = {isa = PBXFileReference; lastKnownFileType = file.sks; path = PickupEmitter.sks; sourceTree = "<group>"; };
		FAA0D8151DE1E1E2009EEDE8 /* coin-drop.wav */ = {isa = PBXFileReference; lastKnownFileType = audio.wav; path = "coin-drop.wav"; sourceTree = "<group>"; };
		FACB77FA1DD01D9A00DFCD77 /* CGFloat+Extensions.swift */ = {isa = PBXFileReference; fileEncoding = 4; lastKnownFileType = sourcecode.swift; path = "CGFloat+Extensions.swift"; sourceTree = "<group>"; };
		FACB77FB1DD01D9A00DFCD77 /* CGVector+Extensions.swift */ = {isa = PBXFileReference; fileEncoding = 4; lastKnownFileType = sourcecode.swift; path = "CGVector+Extensions.swift"; sourceTree = "<group>"; };
		FACB77FC1DD01D9A00DFCD77 /* CGPoint+Extensions.swift */ = {isa = PBXFileReference; fileEncoding = 4; lastKnownFileType = sourcecode.swift; path = "CGPoint+Extensions.swift"; sourceTree = "<group>"; };
/* End PBXFileReference section */

/* Begin PBXFrameworksBuildPhase section */
		3FB8FAD11DD0001E0038C5D5 /* Frameworks */ = {
			isa = PBXFrameworksBuildPhase;
			buildActionMask = 2147483647;
			files = (
			);
			runOnlyForDeploymentPostprocessing = 0;
		};
/* End PBXFrameworksBuildPhase section */

/* Begin PBXGroup section */
		3F995FCF1DD2DE18003C5788 /* CustomClasses */ = {
			isa = PBXGroup;
			children = (
				FA9AB5DD1DD0E0A9006CEBAC /* Button.swift */,
				FAA0D8001DD41D34009EEDE8 /* Car.swift */,
				FAA0D8041DDA2596009EEDE8 /* CoinNode.swift */,
			);
			name = CustomClasses;
			sourceTree = "<group>";
		};
		3FB8FACB1DD0001E0038C5D5 = {
			isa = PBXGroup;
			children = (
				3FB8FAD61DD0001E0038C5D5 /* iTrials */,
				3FB8FAD51DD0001E0038C5D5 /* Products */,
			);
			sourceTree = "<group>";
		};
		3FB8FAD51DD0001E0038C5D5 /* Products */ = {
			isa = PBXGroup;
			children = (
				3FB8FAD41DD0001E0038C5D5 /* iTrials.app */,
			);
			name = Products;
			sourceTree = "<group>";
		};
		3FB8FAD61DD0001E0038C5D5 /* iTrials */ = {
			isa = PBXGroup;
			children = (
				636F69DF1DD911F700761F79 /* Resources */,
				3F995FCF1DD2DE18003C5788 /* CustomClasses */,
				3FB8FAFD1DD021250038C5D5 /* SKS Files */,
				FACB77F91DD01D7B00DFCD77 /* Extensions */,
				3FB8FAFA1DD011030038C5D5 /* VC */,
				3FB8FAF11DD000760038C5D5 /* Scenes */,
				3FB8FAF01DD000700038C5D5 /* Utils */,
				3FB8FAD71DD0001E0038C5D5 /* AppDelegate.swift */,
				3FB8FAE11DD0001E0038C5D5 /* Main.storyboard */,
				3FB8FAE41DD0001F0038C5D5 /* Assets.xcassets */,
				3FB8FAE61DD0001F0038C5D5 /* LaunchScreen.storyboard */,
				3FB8FAE91DD0001F0038C5D5 /* Info.plist */,
			);
			path = iTrials;
			sourceTree = "<group>";
		};
		3FB8FAEF1DD000630038C5D5 /* Levels */ = {
			isa = PBXGroup;
			children = (
				3FB8FAF21DD004550038C5D5 /* Level1.sks */,
				636F69E71DD91D7A00761F79 /* Level3.sks */,
				636F69E91DD91D8800761F79 /* Level2.sks */,
			);
			name = Levels;
			sourceTree = "<group>";
		};
		3FB8FAF01DD000700038C5D5 /* Utils */ = {
			isa = PBXGroup;
			children = (
				3FB8FAFB1DD0117F0038C5D5 /* MotionMonitor.swift */,
				3FB8FAF41DD00C620038C5D5 /* SceneManager.swift */,
				3FB8FAF61DD00D150038C5D5 /* LevelResults.swift */,
				63B82E741DD909E00075B77B /* GameData.swift */,
			);
			name = Utils;
			sourceTree = "<group>";
		};
		3FB8FAF11DD000760038C5D5 /* Scenes */ = {
			isa = PBXGroup;
			children = (
				3FB8FADD1DD0001E0038C5D5 /* GameScene.swift */,
				3FB8FAFF1DD021730038C5D5 /* HomeScene.swift */,
				3FB8FB071DD025730038C5D5 /* LevelFinishScene.swift */,
				3FB8FB091DD025810038C5D5 /* GameOverScene.swift */,
			);
			name = Scenes;
			sourceTree = "<group>";
		};
		3FB8FAFA1DD011030038C5D5 /* VC */ = {
			isa = PBXGroup;
			children = (
				3FB8FADF1DD0001E0038C5D5 /* GameViewController.swift */,
			);
			name = VC;
			sourceTree = "<group>";
		};
		3FB8FAFD1DD021250038C5D5 /* SKS Files */ = {
			isa = PBXGroup;
			children = (
				3FB8FADB1DD0001E0038C5D5 /* Actions.sks */,
				636E067D1DDC365900D44E23 /* CoinNode.sks */,
				3FB8FAFE1DD0213B0038C5D5 /* Scenes */,
				3FB8FAEF1DD000630038C5D5 /* Levels */,
			);
			name = "SKS Files";
			sourceTree = "<group>";
		};
		3FB8FAFE1DD0213B0038C5D5 /* Scenes */ = {
			isa = PBXGroup;
			children = (
				3FB8FAD91DD0001E0038C5D5 /* GameScene.sks */,
				3FB8FB011DD024940038C5D5 /* HomeScene.sks */,
				3FB8FB031DD025330038C5D5 /* LevelFinishScene.sks */,
				3FB8FB051DD0254D0038C5D5 /* GameOverScene.sks */,
			);
			name = Scenes;
			sourceTree = "<group>";
		};
		635825321DDCE3FB00FC689D /* Emitter */ = {
			isa = PBXGroup;
			children = (
				635825371DDCE44D00FC689D /* Dirt.sks */,
				635825381DDCE44D00FC689D /* spark.png */,
				FAA0D8131DE1DCAC009EEDE8 /* PickupEmitter.sks */,
			);
			name = Emitter;
			sourceTree = "<group>";
		};
		636F69DF1DD911F700761F79 /* Resources */ = {
			isa = PBXGroup;
			children = (
				FAA0D80E1DDD6CA8009EEDE8 /* Sound */,
				635825321DDCE3FB00FC689D /* Emitter */,
				636F69E01DD9120100761F79 /* Fonts */,
			);
			name = Resources;
			sourceTree = "<group>";
		};
		636F69E01DD9120100761F79 /* Fonts */ = {
			isa = PBXGroup;
			children = (
				636F69E11DD9123100761F79 /* Nickname.otf */,
				636F69E21DD9123100761F79 /* MotionControl-Bold.otf */,
				636F69E31DD9123100761F79 /* MotionControl-BoldItalic.otf */,
			);
			name = Fonts;
			sourceTree = "<group>";
		};
		FAA0D80E1DDD6CA8009EEDE8 /* Sound */ = {
			isa = PBXGroup;
			children = (
				FAA0D80F1DDD6CCE009EEDE8 /* repeater.mp3 */,
				FAA0D8151DE1E1E2009EEDE8 /* coin-drop.wav */,
			);
			name = Sound;
			sourceTree = "<group>";
		};
		FACB77F91DD01D7B00DFCD77 /* Extensions */ = {
			isa = PBXGroup;
			children = (
				FACB77FA1DD01D9A00DFCD77 /* CGFloat+Extensions.swift */,
				FACB77FB1DD01D9A00DFCD77 /* CGVector+Extensions.swift */,
				FACB77FC1DD01D9A00DFCD77 /* CGPoint+Extensions.swift */,
			);
			name = Extensions;
			sourceTree = "<group>";
		};
/* End PBXGroup section */

/* Begin PBXNativeTarget section */
		3FB8FAD31DD0001E0038C5D5 /* iTrials */ = {
			isa = PBXNativeTarget;
			buildConfigurationList = 3FB8FAEC1DD0001F0038C5D5 /* Build configuration list for PBXNativeTarget "iTrials" */;
			buildPhases = (
				3FB8FAD01DD0001E0038C5D5 /* Sources */,
				3FB8FAD11DD0001E0038C5D5 /* Frameworks */,
				3FB8FAD21DD0001E0038C5D5 /* Resources */,
			);
			buildRules = (
			);
			dependencies = (
			);
			name = iTrials;
			productName = iTrials;
			productReference = 3FB8FAD41DD0001E0038C5D5 /* iTrials.app */;
			productType = "com.apple.product-type.application";
		};
/* End PBXNativeTarget section */

/* Begin PBXProject section */
		3FB8FACC1DD0001E0038C5D5 /* Project object */ = {
			isa = PBXProject;
			attributes = {
				LastSwiftUpdateCheck = 0800;
				LastUpgradeCheck = 0800;
				ORGANIZATIONNAME = student;
				TargetAttributes = {
					3FB8FAD31DD0001E0038C5D5 = {
						CreatedOnToolsVersion = 8.0;
						DevelopmentTeam = ZXGJUD78UK;
						ProvisioningStyle = Automatic;
					};
				};
			};
			buildConfigurationList = 3FB8FACF1DD0001E0038C5D5 /* Build configuration list for PBXProject "iTrials" */;
			compatibilityVersion = "Xcode 3.2";
			developmentRegion = English;
			hasScannedForEncodings = 0;
			knownRegions = (
				en,
				Base,
			);
			mainGroup = 3FB8FACB1DD0001E0038C5D5;
			productRefGroup = 3FB8FAD51DD0001E0038C5D5 /* Products */;
			projectDirPath = "";
			projectRoot = "";
			targets = (
				3FB8FAD31DD0001E0038C5D5 /* iTrials */,
			);
		};
/* End PBXProject section */

/* Begin PBXResourcesBuildPhase section */
		3FB8FAD21DD0001E0038C5D5 /* Resources */ = {
			isa = PBXResourcesBuildPhase;
			buildActionMask = 2147483647;
			files = (
				3FB8FAE31DD0001E0038C5D5 /* Main.storyboard in Resources */,
				FAA0D8161DE1E1E2009EEDE8 /* coin-drop.wav in Resources */,
				3FB8FADA1DD0001E0038C5D5 /* GameScene.sks in Resources */,
				3FB8FAE51DD0001F0038C5D5 /* Assets.xcassets in Resources */,
				3FB8FB021DD024940038C5D5 /* HomeScene.sks in Resources */,
				636F69EA1DD91D8800761F79 /* Level2.sks in Resources */,
				636F69E81DD91D7A00761F79 /* Level3.sks in Resources */,
				636E067E1DDC365900D44E23 /* CoinNode.sks in Resources */,
				3FB8FAE81DD0001F0038C5D5 /* LaunchScreen.storyboard in Resources */,
				636F69E41DD9123100761F79 /* Nickname.otf in Resources */,
				636F69E61DD9123100761F79 /* MotionControl-BoldItalic.otf in Resources */,
				635825391DDCE44D00FC689D /* Dirt.sks in Resources */,
				FAA0D8101DDD6CCE009EEDE8 /* repeater.mp3 in Resources */,
				3FB8FAF31DD004550038C5D5 /* Level1.sks in Resources */,
				3FB8FADC1DD0001E0038C5D5 /* Actions.sks in Resources */,
				3FB8FB061DD0254D0038C5D5 /* GameOverScene.sks in Resources */,
				3FB8FB041DD025330038C5D5 /* LevelFinishScene.sks in Resources */,
				636F69E51DD9123100761F79 /* MotionControl-Bold.otf in Resources */,
				FAA0D8141DE1DCAC009EEDE8 /* PickupEmitter.sks in Resources */,
				6358253A1DDCE44D00FC689D /* spark.png in Resources */,
			);
			runOnlyForDeploymentPostprocessing = 0;
		};
/* End PBXResourcesBuildPhase section */

/* Begin PBXSourcesBuildPhase section */
		3FB8FAD01DD0001E0038C5D5 /* Sources */ = {
			isa = PBXSourcesBuildPhase;
			buildActionMask = 2147483647;
			files = (
				3FB8FADE1DD0001E0038C5D5 /* GameScene.swift in Sources */,
				63B82E751DD909E00075B77B /* GameData.swift in Sources */,
				3FB8FAE01DD0001E0038C5D5 /* GameViewController.swift in Sources */,
				FACB77FD1DD01D9A00DFCD77 /* CGFloat+Extensions.swift in Sources */,
				3FB8FB001DD021730038C5D5 /* HomeScene.swift in Sources */,
				3FB8FAFC1DD0117F0038C5D5 /* MotionMonitor.swift in Sources */,
				FACB77FF1DD01D9A00DFCD77 /* CGPoint+Extensions.swift in Sources */,
				FACB77FE1DD01D9A00DFCD77 /* CGVector+Extensions.swift in Sources */,
				FAA0D8051DDA2596009EEDE8 /* CoinNode.swift in Sources */,
				FAA0D8011DD41D34009EEDE8 /* Car.swift in Sources */,
				3FB8FAF51DD00C620038C5D5 /* SceneManager.swift in Sources */,
				3FB8FAF71DD00D150038C5D5 /* LevelResults.swift in Sources */,
				3FB8FB081DD025730038C5D5 /* LevelFinishScene.swift in Sources */,
				3FB8FB0A1DD025810038C5D5 /* GameOverScene.swift in Sources */,
				FA9AB5DE1DD0E0A9006CEBAC /* Button.swift in Sources */,
				3FB8FAD81DD0001E0038C5D5 /* AppDelegate.swift in Sources */,
			);
			runOnlyForDeploymentPostprocessing = 0;
		};
/* End PBXSourcesBuildPhase section */

/* Begin PBXVariantGroup section */
		3FB8FAE11DD0001E0038C5D5 /* Main.storyboard */ = {
			isa = PBXVariantGroup;
			children = (
				3FB8FAE21DD0001E0038C5D5 /* Base */,
			);
			name = Main.storyboard;
			sourceTree = "<group>";
		};
		3FB8FAE61DD0001F0038C5D5 /* LaunchScreen.storyboard */ = {
			isa = PBXVariantGroup;
			children = (
				3FB8FAE71DD0001F0038C5D5 /* Base */,
			);
			name = LaunchScreen.storyboard;
			sourceTree = "<group>";
		};
/* End PBXVariantGroup section */

/* Begin XCBuildConfiguration section */
		3FB8FAEA1DD0001F0038C5D5 /* Debug */ = {
			isa = XCBuildConfiguration;
			buildSettings = {
				ALWAYS_SEARCH_USER_PATHS = NO;
				CLANG_ANALYZER_NONNULL = YES;
				CLANG_CXX_LANGUAGE_STANDARD = "gnu++0x";
				CLANG_CXX_LIBRARY = "libc++";
				CLANG_ENABLE_MODULES = YES;
				CLANG_ENABLE_OBJC_ARC = YES;
				CLANG_WARN_BOOL_CONVERSION = YES;
				CLANG_WARN_CONSTANT_CONVERSION = YES;
				CLANG_WARN_DIRECT_OBJC_ISA_USAGE = YES_ERROR;
				CLANG_WARN_DOCUMENTATION_COMMENTS = YES;
				CLANG_WARN_EMPTY_BODY = YES;
				CLANG_WARN_ENUM_CONVERSION = YES;
				CLANG_WARN_INFINITE_RECURSION = YES;
				CLANG_WARN_INT_CONVERSION = YES;
				CLANG_WARN_OBJC_ROOT_CLASS = YES_ERROR;
				CLANG_WARN_SUSPICIOUS_MOVES = YES;
				CLANG_WARN_UNREACHABLE_CODE = YES;
				CLANG_WARN__DUPLICATE_METHOD_MATCH = YES;
				"CODE_SIGN_IDENTITY[sdk=iphoneos*]" = "iPhone Developer";
				COPY_PHASE_STRIP = NO;
				DEBUG_INFORMATION_FORMAT = dwarf;
				ENABLE_STRICT_OBJC_MSGSEND = YES;
				ENABLE_TESTABILITY = YES;
				GCC_C_LANGUAGE_STANDARD = gnu99;
				GCC_DYNAMIC_NO_PIC = NO;
				GCC_NO_COMMON_BLOCKS = YES;
				GCC_OPTIMIZATION_LEVEL = 0;
				GCC_PREPROCESSOR_DEFINITIONS = (
					"DEBUG=1",
					"$(inherited)",
				);
				GCC_WARN_64_TO_32_BIT_CONVERSION = YES;
				GCC_WARN_ABOUT_RETURN_TYPE = YES_ERROR;
				GCC_WARN_UNDECLARED_SELECTOR = YES;
				GCC_WARN_UNINITIALIZED_AUTOS = YES_AGGRESSIVE;
				GCC_WARN_UNUSED_FUNCTION = YES;
				GCC_WARN_UNUSED_VARIABLE = YES;
				IPHONEOS_DEPLOYMENT_TARGET = 10.0;
				MTL_ENABLE_DEBUG_INFO = YES;
				ONLY_ACTIVE_ARCH = YES;
				SDKROOT = iphoneos;
				SWIFT_ACTIVE_COMPILATION_CONDITIONS = DEBUG;
				SWIFT_OPTIMIZATION_LEVEL = "-Onone";
				TARGETED_DEVICE_FAMILY = "1,2";
			};
			name = Debug;
		};
		3FB8FAEB1DD0001F0038C5D5 /* Release */ = {
			isa = XCBuildConfiguration;
			buildSettings = {
				ALWAYS_SEARCH_USER_PATHS = NO;
				CLANG_ANALYZER_NONNULL = YES;
				CLANG_CXX_LANGUAGE_STANDARD = "gnu++0x";
				CLANG_CXX_LIBRARY = "libc++";
				CLANG_ENABLE_MODULES = YES;
				CLANG_ENABLE_OBJC_ARC = YES;
				CLANG_WARN_BOOL_CONVERSION = YES;
				CLANG_WARN_CONSTANT_CONVERSION = YES;
				CLANG_WARN_DIRECT_OBJC_ISA_USAGE = YES_ERROR;
				CLANG_WARN_DOCUMENTATION_COMMENTS = YES;
				CLANG_WARN_EMPTY_BODY = YES;
				CLANG_WARN_ENUM_CONVERSION = YES;
				CLANG_WARN_INFINITE_RECURSION = YES;
				CLANG_WARN_INT_CONVERSION = YES;
				CLANG_WARN_OBJC_ROOT_CLASS = YES_ERROR;
				CLANG_WARN_SUSPICIOUS_MOVES = YES;
				CLANG_WARN_UNREACHABLE_CODE = YES;
				CLANG_WARN__DUPLICATE_METHOD_MATCH = YES;
				"CODE_SIGN_IDENTITY[sdk=iphoneos*]" = "iPhone Developer";
				COPY_PHASE_STRIP = NO;
				DEBUG_INFORMATION_FORMAT = "dwarf-with-dsym";
				ENABLE_NS_ASSERTIONS = NO;
				ENABLE_STRICT_OBJC_MSGSEND = YES;
				GCC_C_LANGUAGE_STANDARD = gnu99;
				GCC_NO_COMMON_BLOCKS = YES;
				GCC_WARN_64_TO_32_BIT_CONVERSION = YES;
				GCC_WARN_ABOUT_RETURN_TYPE = YES_ERROR;
				GCC_WARN_UNDECLARED_SELECTOR = YES;
				GCC_WARN_UNINITIALIZED_AUTOS = YES_AGGRESSIVE;
				GCC_WARN_UNUSED_FUNCTION = YES;
				GCC_WARN_UNUSED_VARIABLE = YES;
				IPHONEOS_DEPLOYMENT_TARGET = 10.0;
				MTL_ENABLE_DEBUG_INFO = NO;
				SDKROOT = iphoneos;
				SWIFT_OPTIMIZATION_LEVEL = "-Owholemodule";
				TARGETED_DEVICE_FAMILY = "1,2";
				VALIDATE_PRODUCT = YES;
			};
			name = Release;
		};
		3FB8FAED1DD0001F0038C5D5 /* Debug */ = {
			isa = XCBuildConfiguration;
			buildSettings = {
				ASSETCATALOG_COMPILER_APPICON_NAME = AppIcon;
				DEVELOPMENT_TEAM = ZXGJUD78UK;
				INFOPLIST_FILE = iTrials/Info.plist;
				IPHONEOS_DEPLOYMENT_TARGET = 9.0;
				LD_RUNPATH_SEARCH_PATHS = "$(inherited) @executable_path/Frameworks";
				PRODUCT_BUNDLE_IDENTIFIER = com.iosproject.iTrials;
				PRODUCT_NAME = "$(TARGET_NAME)";
				SWIFT_VERSION = 3.0;
				TARGETED_DEVICE_FAMILY = "1,2";
			};
			name = Debug;
		};
		3FB8FAEE1DD0001F0038C5D5 /* Release */ = {
			isa = XCBuildConfiguration;
			buildSettings = {
				ASSETCATALOG_COMPILER_APPICON_NAME = AppIcon;
				DEVELOPMENT_TEAM = ZXGJUD78UK;
				INFOPLIST_FILE = iTrials/Info.plist;
				IPHONEOS_DEPLOYMENT_TARGET = 9.0;
				LD_RUNPATH_SEARCH_PATHS = "$(inherited) @executable_path/Frameworks";
				PRODUCT_BUNDLE_IDENTIFIER = com.iosproject.iTrials;
				PRODUCT_NAME = "$(TARGET_NAME)";
				SWIFT_VERSION = 3.0;
				TARGETED_DEVICE_FAMILY = "1,2";
			};
			name = Release;
		};
/* End XCBuildConfiguration section */

/* Begin XCConfigurationList section */
		3FB8FACF1DD0001E0038C5D5 /* Build configuration list for PBXProject "iTrials" */ = {
			isa = XCConfigurationList;
			buildConfigurations = (
				3FB8FAEA1DD0001F0038C5D5 /* Debug */,
				3FB8FAEB1DD0001F0038C5D5 /* Release */,
			);
			defaultConfigurationIsVisible = 0;
			defaultConfigurationName = Release;
		};
		3FB8FAEC1DD0001F0038C5D5 /* Build configuration list for PBXNativeTarget "iTrials" */ = {
			isa = XCConfigurationList;
			buildConfigurations = (
				3FB8FAED1DD0001F0038C5D5 /* Debug */,
				3FB8FAEE1DD0001F0038C5D5 /* Release */,
			);
			defaultConfigurationIsVisible = 0;
			defaultConfigurationName = Release;
		};
/* End XCConfigurationList section */
	};
	rootObject = 3FB8FACC1DD0001E0038C5D5 /* Project object */;
}
